// !$*UTF8*$!
{
	archiveVersion = 1;
	classes = {
	};
	objectVersion = 56;
	objects = {

/* Begin PBXBuildFile section */
		D3EB8CC02A2DC1A0004F559C /* AppDelegate.swift in Sources */ = {isa = PBXBuildFile; fileRef = D3EB8CBF2A2DC1A0004F559C /* AppDelegate.swift */; };
		D3EB8CC22A2DC1A0004F559C /* SceneDelegate.swift in Sources */ = {isa = PBXBuildFile; fileRef = D3EB8CC12A2DC1A0004F559C /* SceneDelegate.swift */; };
		D3EB8CC42A2DC1A0004F559C /* ViewController.swift in Sources */ = {isa = PBXBuildFile; fileRef = D3EB8CC32A2DC1A0004F559C /* ViewController.swift */; };
		D3EB8CCA2A2DC1A0004F559C /* Pokedex_VIPER_UIKit.xcdatamodeld in Sources */ = {isa = PBXBuildFile; fileRef = D3EB8CC82A2DC1A0004F559C /* Pokedex_VIPER_UIKit.xcdatamodeld */; };
		D3EB8CCC2A2DC1A1004F559C /* Assets.xcassets in Resources */ = {isa = PBXBuildFile; fileRef = D3EB8CCB2A2DC1A1004F559C /* Assets.xcassets */; };
		D3EB8CCF2A2DC1A1004F559C /* LaunchScreen.storyboard in Resources */ = {isa = PBXBuildFile; fileRef = D3EB8CCD2A2DC1A1004F559C /* LaunchScreen.storyboard */; };
		D3EB8CDA2A2DC1A1004F559C /* Pokedex_VIPER_UIKitTests.swift in Sources */ = {isa = PBXBuildFile; fileRef = D3EB8CD92A2DC1A1004F559C /* Pokedex_VIPER_UIKitTests.swift */; };
		D3EB8CE42A2DC1A1004F559C /* Pokedex_VIPER_UIKitUITests.swift in Sources */ = {isa = PBXBuildFile; fileRef = D3EB8CE32A2DC1A1004F559C /* Pokedex_VIPER_UIKitUITests.swift */; };
		D3EB8CE62A2DC1A1004F559C /* Pokedex_VIPER_UIKitUITestsLaunchTests.swift in Sources */ = {isa = PBXBuildFile; fileRef = D3EB8CE52A2DC1A1004F559C /* Pokedex_VIPER_UIKitUITestsLaunchTests.swift */; };
		D3EB8CF42A2DC489004F559C /* URL.swift in Sources */ = {isa = PBXBuildFile; fileRef = D3EB8CF32A2DC489004F559C /* URL.swift */; };
		D3EB8CF82A2DC953004F559C /* PokeAPI.swift in Sources */ = {isa = PBXBuildFile; fileRef = D3EB8CF72A2DC953004F559C /* PokeAPI.swift */; };
		D3EB8D022A2DCA04004F559C /* Pokemon.swift in Sources */ = {isa = PBXBuildFile; fileRef = D3EB8D012A2DCA04004F559C /* Pokemon.swift */; };
		D3EB8D032A2DCA04004F559C /* Pokemon.swift in Sources */ = {isa = PBXBuildFile; fileRef = D3EB8D012A2DCA04004F559C /* Pokemon.swift */; };
		D3EB8D042A2DCA04004F559C /* Pokemon.swift in Sources */ = {isa = PBXBuildFile; fileRef = D3EB8D012A2DCA04004F559C /* Pokemon.swift */; };
		D3EB8D072A2E0F01004F559C /* PokemonPK.xcdatamodeld in Sources */ = {isa = PBXBuildFile; fileRef = D3EB8D052A2E0F01004F559C /* PokemonPK.xcdatamodeld */; };
		D3EB8D082A2E0F01004F559C /* PokemonPK.xcdatamodeld in Sources */ = {isa = PBXBuildFile; fileRef = D3EB8D052A2E0F01004F559C /* PokemonPK.xcdatamodeld */; };
		D3EB8D092A2E0F01004F559C /* PokemonPK.xcdatamodeld in Sources */ = {isa = PBXBuildFile; fileRef = D3EB8D052A2E0F01004F559C /* PokemonPK.xcdatamodeld */; };
		D3EB8D0B2A2E0FCD004F559C /* Pokemon+CoreData.swift in Sources */ = {isa = PBXBuildFile; fileRef = D3EB8D0A2A2E0FCD004F559C /* Pokemon+CoreData.swift */; };
		D3EB8D0C2A2E0FCD004F559C /* Pokemon+CoreData.swift in Sources */ = {isa = PBXBuildFile; fileRef = D3EB8D0A2A2E0FCD004F559C /* Pokemon+CoreData.swift */; };
		D3EB8D0D2A2E0FCD004F559C /* Pokemon+CoreData.swift in Sources */ = {isa = PBXBuildFile; fileRef = D3EB8D0A2A2E0FCD004F559C /* Pokemon+CoreData.swift */; };
		D3EB8D0F2A2E3922004F559C /* CoreDataManager.swift in Sources */ = {isa = PBXBuildFile; fileRef = D3EB8D0E2A2E3922004F559C /* CoreDataManager.swift */; };
		D3EB8D102A2E3922004F559C /* CoreDataManager.swift in Sources */ = {isa = PBXBuildFile; fileRef = D3EB8D0E2A2E3922004F559C /* CoreDataManager.swift */; };
		D3EB8D112A2E3922004F559C /* CoreDataManager.swift in Sources */ = {isa = PBXBuildFile; fileRef = D3EB8D0E2A2E3922004F559C /* CoreDataManager.swift */; };
		D3EB8D132A2E47E5004F559C /* CoreDataUtils.swift in Sources */ = {isa = PBXBuildFile; fileRef = D3EB8D122A2E47E5004F559C /* CoreDataUtils.swift */; };
		D3EB8D142A2E47E5004F559C /* CoreDataUtils.swift in Sources */ = {isa = PBXBuildFile; fileRef = D3EB8D122A2E47E5004F559C /* CoreDataUtils.swift */; };
		D3EB8D152A2E47E5004F559C /* CoreDataUtils.swift in Sources */ = {isa = PBXBuildFile; fileRef = D3EB8D122A2E47E5004F559C /* CoreDataUtils.swift */; };
		D3EB8D1C2A2E5281004F559C /* RouterLogin.swift in Sources */ = {isa = PBXBuildFile; fileRef = D3EB8D1B2A2E5281004F559C /* RouterLogin.swift */; };
		D3EB8D1D2A2E5281004F559C /* RouterLogin.swift in Sources */ = {isa = PBXBuildFile; fileRef = D3EB8D1B2A2E5281004F559C /* RouterLogin.swift */; };
		D3EB8D1E2A2E5281004F559C /* RouterLogin.swift in Sources */ = {isa = PBXBuildFile; fileRef = D3EB8D1B2A2E5281004F559C /* RouterLogin.swift */; };
		D3EB8D202A2E5296004F559C /* PresenterLogin.swift in Sources */ = {isa = PBXBuildFile; fileRef = D3EB8D1F2A2E5296004F559C /* PresenterLogin.swift */; };
		D3EB8D212A2E5296004F559C /* PresenterLogin.swift in Sources */ = {isa = PBXBuildFile; fileRef = D3EB8D1F2A2E5296004F559C /* PresenterLogin.swift */; };
		D3EB8D222A2E5296004F559C /* PresenterLogin.swift in Sources */ = {isa = PBXBuildFile; fileRef = D3EB8D1F2A2E5296004F559C /* PresenterLogin.swift */; };
		D3EB8D242A2E52A8004F559C /* InteractorLogin.swift in Sources */ = {isa = PBXBuildFile; fileRef = D3EB8D232A2E52A8004F559C /* InteractorLogin.swift */; };
		D3EB8D252A2E52A8004F559C /* InteractorLogin.swift in Sources */ = {isa = PBXBuildFile; fileRef = D3EB8D232A2E52A8004F559C /* InteractorLogin.swift */; };
		D3EB8D262A2E52A8004F559C /* InteractorLogin.swift in Sources */ = {isa = PBXBuildFile; fileRef = D3EB8D232A2E52A8004F559C /* InteractorLogin.swift */; };
		D3EB8D392A2E5891004F559C /* LoginViewController.swift in Sources */ = {isa = PBXBuildFile; fileRef = D3EB8D372A2E5891004F559C /* LoginViewController.swift */; };
		D3EB8D3A2A2E5891004F559C /* LoginViewController.swift in Sources */ = {isa = PBXBuildFile; fileRef = D3EB8D372A2E5891004F559C /* LoginViewController.swift */; };
		D3EB8D3B2A2E5891004F559C /* LoginViewController.swift in Sources */ = {isa = PBXBuildFile; fileRef = D3EB8D372A2E5891004F559C /* LoginViewController.swift */; };
		D3EB8D3C2A2E5891004F559C /* LoginViewController.xib in Resources */ = {isa = PBXBuildFile; fileRef = D3EB8D382A2E5891004F559C /* LoginViewController.xib */; };
		D3EB8D3D2A2E5891004F559C /* LoginViewController.xib in Resources */ = {isa = PBXBuildFile; fileRef = D3EB8D382A2E5891004F559C /* LoginViewController.xib */; };
		D3EB8D3E2A2E5891004F559C /* LoginViewController.xib in Resources */ = {isa = PBXBuildFile; fileRef = D3EB8D382A2E5891004F559C /* LoginViewController.xib */; };
		D3EB8D462A2F9F20004F559C /* PokedexListViewController.swift in Sources */ = {isa = PBXBuildFile; fileRef = D3EB8D442A2F9F20004F559C /* PokedexListViewController.swift */; };
		D3EB8D472A2F9F20004F559C /* PokedexListViewController.swift in Sources */ = {isa = PBXBuildFile; fileRef = D3EB8D442A2F9F20004F559C /* PokedexListViewController.swift */; };
		D3EB8D482A2F9F20004F559C /* PokedexListViewController.swift in Sources */ = {isa = PBXBuildFile; fileRef = D3EB8D442A2F9F20004F559C /* PokedexListViewController.swift */; };
		D3EB8D492A2F9F20004F559C /* PokedexListViewController.xib in Resources */ = {isa = PBXBuildFile; fileRef = D3EB8D452A2F9F20004F559C /* PokedexListViewController.xib */; };
		D3EB8D4A2A2F9F20004F559C /* PokedexListViewController.xib in Resources */ = {isa = PBXBuildFile; fileRef = D3EB8D452A2F9F20004F559C /* PokedexListViewController.xib */; };
		D3EB8D4B2A2F9F20004F559C /* PokedexListViewController.xib in Resources */ = {isa = PBXBuildFile; fileRef = D3EB8D452A2F9F20004F559C /* PokedexListViewController.xib */; };
		D3EB8D572A2FA4D6004F559C /* TableViewCell.swift in Sources */ = {isa = PBXBuildFile; fileRef = D3EB8D552A2FA4D6004F559C /* TableViewCell.swift */; };
		D3EB8D582A2FA4D6004F559C /* TableViewCell.swift in Sources */ = {isa = PBXBuildFile; fileRef = D3EB8D552A2FA4D6004F559C /* TableViewCell.swift */; };
		D3EB8D592A2FA4D6004F559C /* TableViewCell.swift in Sources */ = {isa = PBXBuildFile; fileRef = D3EB8D552A2FA4D6004F559C /* TableViewCell.swift */; };
		D3EB8D5A2A2FA4D6004F559C /* TableViewCell.xib in Resources */ = {isa = PBXBuildFile; fileRef = D3EB8D562A2FA4D6004F559C /* TableViewCell.xib */; };
		D3EB8D5B2A2FA4D6004F559C /* TableViewCell.xib in Resources */ = {isa = PBXBuildFile; fileRef = D3EB8D562A2FA4D6004F559C /* TableViewCell.xib */; };
		D3EB8D5C2A2FA4D6004F559C /* TableViewCell.xib in Resources */ = {isa = PBXBuildFile; fileRef = D3EB8D562A2FA4D6004F559C /* TableViewCell.xib */; };
		D3EB8D5E2A2FAE2A004F559C /* RouterPokedex.swift in Sources */ = {isa = PBXBuildFile; fileRef = D3EB8D5D2A2FAE2A004F559C /* RouterPokedex.swift */; };
		D3EB8D5F2A2FAE2A004F559C /* RouterPokedex.swift in Sources */ = {isa = PBXBuildFile; fileRef = D3EB8D5D2A2FAE2A004F559C /* RouterPokedex.swift */; };
		D3EB8D602A2FAE2A004F559C /* RouterPokedex.swift in Sources */ = {isa = PBXBuildFile; fileRef = D3EB8D5D2A2FAE2A004F559C /* RouterPokedex.swift */; };
		D3EB8D622A2FAE3F004F559C /* PresenterPokedex.swift in Sources */ = {isa = PBXBuildFile; fileRef = D3EB8D612A2FAE3F004F559C /* PresenterPokedex.swift */; };
		D3EB8D632A2FAE3F004F559C /* PresenterPokedex.swift in Sources */ = {isa = PBXBuildFile; fileRef = D3EB8D612A2FAE3F004F559C /* PresenterPokedex.swift */; };
		D3EB8D642A2FAE3F004F559C /* PresenterPokedex.swift in Sources */ = {isa = PBXBuildFile; fileRef = D3EB8D612A2FAE3F004F559C /* PresenterPokedex.swift */; };
		D3EB8D662A2FAE4C004F559C /* InteractorPokedex.swift in Sources */ = {isa = PBXBuildFile; fileRef = D3EB8D652A2FAE4C004F559C /* InteractorPokedex.swift */; };
		D3EB8D672A2FAE4C004F559C /* InteractorPokedex.swift in Sources */ = {isa = PBXBuildFile; fileRef = D3EB8D652A2FAE4C004F559C /* InteractorPokedex.swift */; };
		D3EB8D682A2FAE4C004F559C /* InteractorPokedex.swift in Sources */ = {isa = PBXBuildFile; fileRef = D3EB8D652A2FAE4C004F559C /* InteractorPokedex.swift */; };
		D3F6647F2A370EEB00178A85 /* DetailViewController.swift in Sources */ = {isa = PBXBuildFile; fileRef = D3F6647D2A370EEB00178A85 /* DetailViewController.swift */; };
		D3F664802A370EEB00178A85 /* DetailViewController.xib in Resources */ = {isa = PBXBuildFile; fileRef = D3F6647E2A370EEB00178A85 /* DetailViewController.xib */; };
		D3F664862A3727EE00178A85 /* RouterDetailPokmon.swift in Sources */ = {isa = PBXBuildFile; fileRef = D3F664852A3727EE00178A85 /* RouterDetailPokmon.swift */; };
		D3F664872A3727EE00178A85 /* RouterDetailPokmon.swift in Sources */ = {isa = PBXBuildFile; fileRef = D3F664852A3727EE00178A85 /* RouterDetailPokmon.swift */; };
		D3F664892A37281600178A85 /* InteractorDetailPokemon.swift in Sources */ = {isa = PBXBuildFile; fileRef = D3F664882A37281600178A85 /* InteractorDetailPokemon.swift */; };
		D3F6648A2A37281600178A85 /* InteractorDetailPokemon.swift in Sources */ = {isa = PBXBuildFile; fileRef = D3F664882A37281600178A85 /* InteractorDetailPokemon.swift */; };
		D3F6648C2A37283200178A85 /* PresenterDetailPokemon.swift in Sources */ = {isa = PBXBuildFile; fileRef = D3F6648B2A37283200178A85 /* PresenterDetailPokemon.swift */; };
		D3F6648D2A37283200178A85 /* PresenterDetailPokemon.swift in Sources */ = {isa = PBXBuildFile; fileRef = D3F6648B2A37283200178A85 /* PresenterDetailPokemon.swift */; };
/* End PBXBuildFile section */

/* Begin PBXContainerItemProxy section */
		D3EB8CD62A2DC1A1004F559C /* PBXContainerItemProxy */ = {
			isa = PBXContainerItemProxy;
			containerPortal = D3EB8CB42A2DC1A0004F559C /* Project object */;
			proxyType = 1;
			remoteGlobalIDString = D3EB8CBB2A2DC1A0004F559C;
			remoteInfo = "Pokedex-VIPER-UIKit";
		};
		D3EB8CE02A2DC1A1004F559C /* PBXContainerItemProxy */ = {
			isa = PBXContainerItemProxy;
			containerPortal = D3EB8CB42A2DC1A0004F559C /* Project object */;
			proxyType = 1;
			remoteGlobalIDString = D3EB8CBB2A2DC1A0004F559C;
			remoteInfo = "Pokedex-VIPER-UIKit";
		};
/* End PBXContainerItemProxy section */

/* Begin PBXFileReference section */
		D3EB8CBC2A2DC1A0004F559C /* Pokedex-VIPER-UIKit.app */ = {isa = PBXFileReference; explicitFileType = wrapper.application; includeInIndex = 0; path = "Pokedex-VIPER-UIKit.app"; sourceTree = BUILT_PRODUCTS_DIR; };
		D3EB8CBF2A2DC1A0004F559C /* AppDelegate.swift */ = {isa = PBXFileReference; lastKnownFileType = sourcecode.swift; path = AppDelegate.swift; sourceTree = "<group>"; };
		D3EB8CC12A2DC1A0004F559C /* SceneDelegate.swift */ = {isa = PBXFileReference; lastKnownFileType = sourcecode.swift; path = SceneDelegate.swift; sourceTree = "<group>"; };
		D3EB8CC32A2DC1A0004F559C /* ViewController.swift */ = {isa = PBXFileReference; lastKnownFileType = sourcecode.swift; path = ViewController.swift; sourceTree = "<group>"; };
		D3EB8CC92A2DC1A0004F559C /* Pokedex_VIPER_UIKit.xcdatamodel */ = {isa = PBXFileReference; lastKnownFileType = wrapper.xcdatamodel; path = Pokedex_VIPER_UIKit.xcdatamodel; sourceTree = "<group>"; };
		D3EB8CCB2A2DC1A1004F559C /* Assets.xcassets */ = {isa = PBXFileReference; lastKnownFileType = folder.assetcatalog; path = Assets.xcassets; sourceTree = "<group>"; };
		D3EB8CCE2A2DC1A1004F559C /* Base */ = {isa = PBXFileReference; lastKnownFileType = file.storyboard; name = Base; path = Base.lproj/LaunchScreen.storyboard; sourceTree = "<group>"; };
		D3EB8CD02A2DC1A1004F559C /* Info.plist */ = {isa = PBXFileReference; lastKnownFileType = text.plist.xml; path = Info.plist; sourceTree = "<group>"; };
		D3EB8CD52A2DC1A1004F559C /* Pokedex-VIPER-UIKitTests.xctest */ = {isa = PBXFileReference; explicitFileType = wrapper.cfbundle; includeInIndex = 0; path = "Pokedex-VIPER-UIKitTests.xctest"; sourceTree = BUILT_PRODUCTS_DIR; };
		D3EB8CD92A2DC1A1004F559C /* Pokedex_VIPER_UIKitTests.swift */ = {isa = PBXFileReference; lastKnownFileType = sourcecode.swift; path = Pokedex_VIPER_UIKitTests.swift; sourceTree = "<group>"; };
		D3EB8CDF2A2DC1A1004F559C /* Pokedex-VIPER-UIKitUITests.xctest */ = {isa = PBXFileReference; explicitFileType = wrapper.cfbundle; includeInIndex = 0; path = "Pokedex-VIPER-UIKitUITests.xctest"; sourceTree = BUILT_PRODUCTS_DIR; };
		D3EB8CE32A2DC1A1004F559C /* Pokedex_VIPER_UIKitUITests.swift */ = {isa = PBXFileReference; lastKnownFileType = sourcecode.swift; path = Pokedex_VIPER_UIKitUITests.swift; sourceTree = "<group>"; };
		D3EB8CE52A2DC1A1004F559C /* Pokedex_VIPER_UIKitUITestsLaunchTests.swift */ = {isa = PBXFileReference; lastKnownFileType = sourcecode.swift; path = Pokedex_VIPER_UIKitUITestsLaunchTests.swift; sourceTree = "<group>"; };
		D3EB8CF32A2DC489004F559C /* URL.swift */ = {isa = PBXFileReference; lastKnownFileType = sourcecode.swift; path = URL.swift; sourceTree = "<group>"; };
		D3EB8CF72A2DC953004F559C /* PokeAPI.swift */ = {isa = PBXFileReference; lastKnownFileType = sourcecode.swift; path = PokeAPI.swift; sourceTree = "<group>"; };
		D3EB8D012A2DCA04004F559C /* Pokemon.swift */ = {isa = PBXFileReference; lastKnownFileType = sourcecode.swift; path = Pokemon.swift; sourceTree = "<group>"; };
		D3EB8D062A2E0F01004F559C /* PokemonPK.xcdatamodel */ = {isa = PBXFileReference; lastKnownFileType = wrapper.xcdatamodel; path = PokemonPK.xcdatamodel; sourceTree = "<group>"; };
		D3EB8D0A2A2E0FCD004F559C /* Pokemon+CoreData.swift */ = {isa = PBXFileReference; lastKnownFileType = sourcecode.swift; path = "Pokemon+CoreData.swift"; sourceTree = "<group>"; };
		D3EB8D0E2A2E3922004F559C /* CoreDataManager.swift */ = {isa = PBXFileReference; lastKnownFileType = sourcecode.swift; path = CoreDataManager.swift; sourceTree = "<group>"; };
		D3EB8D122A2E47E5004F559C /* CoreDataUtils.swift */ = {isa = PBXFileReference; lastKnownFileType = sourcecode.swift; path = CoreDataUtils.swift; sourceTree = "<group>"; };
		D3EB8D1B2A2E5281004F559C /* RouterLogin.swift */ = {isa = PBXFileReference; lastKnownFileType = sourcecode.swift; path = RouterLogin.swift; sourceTree = "<group>"; };
		D3EB8D1F2A2E5296004F559C /* PresenterLogin.swift */ = {isa = PBXFileReference; lastKnownFileType = sourcecode.swift; path = PresenterLogin.swift; sourceTree = "<group>"; };
		D3EB8D232A2E52A8004F559C /* InteractorLogin.swift */ = {isa = PBXFileReference; lastKnownFileType = sourcecode.swift; path = InteractorLogin.swift; sourceTree = "<group>"; };
		D3EB8D372A2E5891004F559C /* LoginViewController.swift */ = {isa = PBXFileReference; lastKnownFileType = sourcecode.swift; path = LoginViewController.swift; sourceTree = "<group>"; };
		D3EB8D382A2E5891004F559C /* LoginViewController.xib */ = {isa = PBXFileReference; lastKnownFileType = file.xib; path = LoginViewController.xib; sourceTree = "<group>"; };
		D3EB8D442A2F9F20004F559C /* PokedexListViewController.swift */ = {isa = PBXFileReference; lastKnownFileType = sourcecode.swift; path = PokedexListViewController.swift; sourceTree = "<group>"; };
		D3EB8D452A2F9F20004F559C /* PokedexListViewController.xib */ = {isa = PBXFileReference; lastKnownFileType = file.xib; path = PokedexListViewController.xib; sourceTree = "<group>"; };
		D3EB8D552A2FA4D6004F559C /* TableViewCell.swift */ = {isa = PBXFileReference; lastKnownFileType = sourcecode.swift; path = TableViewCell.swift; sourceTree = "<group>"; };
		D3EB8D562A2FA4D6004F559C /* TableViewCell.xib */ = {isa = PBXFileReference; lastKnownFileType = file.xib; path = TableViewCell.xib; sourceTree = "<group>"; };
		D3EB8D5D2A2FAE2A004F559C /* RouterPokedex.swift */ = {isa = PBXFileReference; lastKnownFileType = sourcecode.swift; path = RouterPokedex.swift; sourceTree = "<group>"; };
		D3EB8D612A2FAE3F004F559C /* PresenterPokedex.swift */ = {isa = PBXFileReference; lastKnownFileType = sourcecode.swift; path = PresenterPokedex.swift; sourceTree = "<group>"; };
		D3EB8D652A2FAE4C004F559C /* InteractorPokedex.swift */ = {isa = PBXFileReference; lastKnownFileType = sourcecode.swift; path = InteractorPokedex.swift; sourceTree = "<group>"; };
		D3F6647D2A370EEB00178A85 /* DetailViewController.swift */ = {isa = PBXFileReference; lastKnownFileType = sourcecode.swift; path = DetailViewController.swift; sourceTree = "<group>"; };
		D3F6647E2A370EEB00178A85 /* DetailViewController.xib */ = {isa = PBXFileReference; lastKnownFileType = file.xib; path = DetailViewController.xib; sourceTree = "<group>"; };
		D3F664852A3727EE00178A85 /* RouterDetailPokmon.swift */ = {isa = PBXFileReference; lastKnownFileType = sourcecode.swift; path = RouterDetailPokmon.swift; sourceTree = "<group>"; };
		D3F664882A37281600178A85 /* InteractorDetailPokemon.swift */ = {isa = PBXFileReference; lastKnownFileType = sourcecode.swift; path = InteractorDetailPokemon.swift; sourceTree = "<group>"; };
		D3F6648B2A37283200178A85 /* PresenterDetailPokemon.swift */ = {isa = PBXFileReference; lastKnownFileType = sourcecode.swift; path = PresenterDetailPokemon.swift; sourceTree = "<group>"; };
/* End PBXFileReference section */

/* Begin PBXFrameworksBuildPhase section */
		D3EB8CB92A2DC1A0004F559C /* Frameworks */ = {
			isa = PBXFrameworksBuildPhase;
			buildActionMask = 2147483647;
			files = (
			);
			runOnlyForDeploymentPostprocessing = 0;
		};
		D3EB8CD22A2DC1A1004F559C /* Frameworks */ = {
			isa = PBXFrameworksBuildPhase;
			buildActionMask = 2147483647;
			files = (
			);
			runOnlyForDeploymentPostprocessing = 0;
		};
		D3EB8CDC2A2DC1A1004F559C /* Frameworks */ = {
			isa = PBXFrameworksBuildPhase;
			buildActionMask = 2147483647;
			files = (
			);
			runOnlyForDeploymentPostprocessing = 0;
		};
/* End PBXFrameworksBuildPhase section */

/* Begin PBXGroup section */
		D3EB8CB32A2DC1A0004F559C = {
			isa = PBXGroup;
			children = (
				D3EB8CBE2A2DC1A0004F559C /* Pokedex-VIPER-UIKit */,
				D3EB8CD82A2DC1A1004F559C /* Pokedex-VIPER-UIKitTests */,
				D3EB8CE22A2DC1A1004F559C /* Pokedex-VIPER-UIKitUITests */,
				D3EB8CBD2A2DC1A0004F559C /* Products */,
			);
			sourceTree = "<group>";
		};
		D3EB8CBD2A2DC1A0004F559C /* Products */ = {
			isa = PBXGroup;
			children = (
				D3EB8CBC2A2DC1A0004F559C /* Pokedex-VIPER-UIKit.app */,
				D3EB8CD52A2DC1A1004F559C /* Pokedex-VIPER-UIKitTests.xctest */,
				D3EB8CDF2A2DC1A1004F559C /* Pokedex-VIPER-UIKitUITests.xctest */,
			);
			name = Products;
			sourceTree = "<group>";
		};
		D3EB8CBE2A2DC1A0004F559C /* Pokedex-VIPER-UIKit */ = {
			isa = PBXGroup;
			children = (
				D3F6647B2A370DEC00178A85 /* DetailPokemon */,
				D3EB8D002A2DC9C1004F559C /* Coredata */,
				D3EB8CFF2A2DC9BB004F559C /* Login */,
				D3EB8CF92A2DC97A004F559C /* PokedexList */,
				D3EB8CF52A2DC8DD004F559C /* API */,
				D3EB8CF22A2DC46E004F559C /* URL */,
				D3EB8CF62A2DC8E5004F559C /* App */,
				D3EB8CC32A2DC1A0004F559C /* ViewController.swift */,
				D3EB8CCB2A2DC1A1004F559C /* Assets.xcassets */,
				D3EB8CCD2A2DC1A1004F559C /* LaunchScreen.storyboard */,
				D3EB8CD02A2DC1A1004F559C /* Info.plist */,
				D3EB8CC82A2DC1A0004F559C /* Pokedex_VIPER_UIKit.xcdatamodeld */,
			);
			path = "Pokedex-VIPER-UIKit";
			sourceTree = "<group>";
		};
		D3EB8CD82A2DC1A1004F559C /* Pokedex-VIPER-UIKitTests */ = {
			isa = PBXGroup;
			children = (
				D3EB8CD92A2DC1A1004F559C /* Pokedex_VIPER_UIKitTests.swift */,
			);
			path = "Pokedex-VIPER-UIKitTests";
			sourceTree = "<group>";
		};
		D3EB8CE22A2DC1A1004F559C /* Pokedex-VIPER-UIKitUITests */ = {
			isa = PBXGroup;
			children = (
				D3EB8CE32A2DC1A1004F559C /* Pokedex_VIPER_UIKitUITests.swift */,
				D3EB8CE52A2DC1A1004F559C /* Pokedex_VIPER_UIKitUITestsLaunchTests.swift */,
			);
			path = "Pokedex-VIPER-UIKitUITests";
			sourceTree = "<group>";
		};
		D3EB8CF22A2DC46E004F559C /* URL */ = {
			isa = PBXGroup;
			children = (
				D3EB8CF32A2DC489004F559C /* URL.swift */,
			);
			path = URL;
			sourceTree = "<group>";
		};
		D3EB8CF52A2DC8DD004F559C /* API */ = {
			isa = PBXGroup;
			children = (
				D3EB8CF72A2DC953004F559C /* PokeAPI.swift */,
			);
			path = API;
			sourceTree = "<group>";
		};
		D3EB8CF62A2DC8E5004F559C /* App */ = {
			isa = PBXGroup;
			children = (
				D3EB8CBF2A2DC1A0004F559C /* AppDelegate.swift */,
				D3EB8CC12A2DC1A0004F559C /* SceneDelegate.swift */,
			);
			path = App;
			sourceTree = "<group>";
		};
		D3EB8CF92A2DC97A004F559C /* PokedexList */ = {
			isa = PBXGroup;
			children = (
				D3EB8CFE2A2DC9AF004F559C /* Router */,
				D3EB8CFD2A2DC9A8004F559C /* Entity */,
				D3EB8CFC2A2DC9A1004F559C /* Presenter */,
				D3EB8CFB2A2DC994004F559C /* Interactor */,
				D3EB8CFA2A2DC98E004F559C /* View */,
			);
			path = PokedexList;
			sourceTree = "<group>";
		};
		D3EB8CFA2A2DC98E004F559C /* View */ = {
			isa = PBXGroup;
			children = (
				D3EB8D4C2A2FA460004F559C /* ListCell */,
				D3EB8D442A2F9F20004F559C /* PokedexListViewController.swift */,
				D3EB8D452A2F9F20004F559C /* PokedexListViewController.xib */,
			);
			path = View;
			sourceTree = "<group>";
		};
		D3EB8CFB2A2DC994004F559C /* Interactor */ = {
			isa = PBXGroup;
			children = (
				D3EB8D652A2FAE4C004F559C /* InteractorPokedex.swift */,
			);
			path = Interactor;
			sourceTree = "<group>";
		};
		D3EB8CFC2A2DC9A1004F559C /* Presenter */ = {
			isa = PBXGroup;
			children = (
				D3EB8D612A2FAE3F004F559C /* PresenterPokedex.swift */,
			);
			path = Presenter;
			sourceTree = "<group>";
		};
		D3EB8CFD2A2DC9A8004F559C /* Entity */ = {
			isa = PBXGroup;
			children = (
				D3EB8D012A2DCA04004F559C /* Pokemon.swift */,
			);
			path = Entity;
			sourceTree = "<group>";
		};
		D3EB8CFE2A2DC9AF004F559C /* Router */ = {
			isa = PBXGroup;
			children = (
				D3EB8D5D2A2FAE2A004F559C /* RouterPokedex.swift */,
			);
			path = Router;
			sourceTree = "<group>";
		};
		D3EB8CFF2A2DC9BB004F559C /* Login */ = {
			isa = PBXGroup;
			children = (
				D3EB8D1A2A2E5115004F559C /* Router */,
				D3EB8D192A2E5110004F559C /* Entity */,
				D3EB8D182A2E5108004F559C /* Presenter */,
				D3EB8D172A2E50FE004F559C /* Interactor */,
				D3EB8D162A2E50F9004F559C /* View */,
			);
			path = Login;
			sourceTree = "<group>";
		};
		D3EB8D002A2DC9C1004F559C /* Coredata */ = {
			isa = PBXGroup;
			children = (
				D3EB8D052A2E0F01004F559C /* PokemonPK.xcdatamodeld */,
				D3EB8D0A2A2E0FCD004F559C /* Pokemon+CoreData.swift */,
				D3EB8D0E2A2E3922004F559C /* CoreDataManager.swift */,
				D3EB8D122A2E47E5004F559C /* CoreDataUtils.swift */,
			);
			path = Coredata;
			sourceTree = "<group>";
		};
		D3EB8D162A2E50F9004F559C /* View */ = {
			isa = PBXGroup;
			children = (
				D3EB8D372A2E5891004F559C /* LoginViewController.swift */,
				D3EB8D382A2E5891004F559C /* LoginViewController.xib */,
			);
			path = View;
			sourceTree = "<group>";
		};
		D3EB8D172A2E50FE004F559C /* Interactor */ = {
			isa = PBXGroup;
			children = (
				D3EB8D232A2E52A8004F559C /* InteractorLogin.swift */,
			);
			path = Interactor;
			sourceTree = "<group>";
		};
		D3EB8D182A2E5108004F559C /* Presenter */ = {
			isa = PBXGroup;
			children = (
				D3EB8D1F2A2E5296004F559C /* PresenterLogin.swift */,
			);
			path = Presenter;
			sourceTree = "<group>";
		};
		D3EB8D192A2E5110004F559C /* Entity */ = {
			isa = PBXGroup;
			children = (
			);
			path = Entity;
			sourceTree = "<group>";
		};
		D3EB8D1A2A2E5115004F559C /* Router */ = {
			isa = PBXGroup;
			children = (
				D3EB8D1B2A2E5281004F559C /* RouterLogin.swift */,
			);
			path = Router;
			sourceTree = "<group>";
		};
		D3EB8D4C2A2FA460004F559C /* ListCell */ = {
			isa = PBXGroup;
			children = (
				D3EB8D552A2FA4D6004F559C /* TableViewCell.swift */,
				D3EB8D562A2FA4D6004F559C /* TableViewCell.xib */,
			);
			path = ListCell;
			sourceTree = "<group>";
		};
		D3F6647B2A370DEC00178A85 /* DetailPokemon */ = {
			isa = PBXGroup;
			children = (
				D3F664842A3712CB00178A85 /* Router */,
				D3F664832A3712C600178A85 /* Entity */,
				D3F664822A3712C000178A85 /* Presenter */,
				D3F664812A3712B700178A85 /* Interactor */,
				D3F6647C2A370DF700178A85 /* View */,
			);
			path = DetailPokemon;
			sourceTree = "<group>";
		};
		D3F6647C2A370DF700178A85 /* View */ = {
			isa = PBXGroup;
			children = (
				D3F6647D2A370EEB00178A85 /* DetailViewController.swift */,
				D3F6647E2A370EEB00178A85 /* DetailViewController.xib */,
			);
			path = View;
			sourceTree = "<group>";
		};
		D3F664812A3712B700178A85 /* Interactor */ = {
			isa = PBXGroup;
			children = (
				D3F664882A37281600178A85 /* InteractorDetailPokemon.swift */,
			);
			path = Interactor;
			sourceTree = "<group>";
		};
		D3F664822A3712C000178A85 /* Presenter */ = {
			isa = PBXGroup;
			children = (
				D3F6648B2A37283200178A85 /* PresenterDetailPokemon.swift */,
			);
			path = Presenter;
			sourceTree = "<group>";
		};
		D3F664832A3712C600178A85 /* Entity */ = {
			isa = PBXGroup;
			children = (
			);
			path = Entity;
			sourceTree = "<group>";
		};
		D3F664842A3712CB00178A85 /* Router */ = {
			isa = PBXGroup;
			children = (
				D3F664852A3727EE00178A85 /* RouterDetailPokmon.swift */,
			);
			path = Router;
			sourceTree = "<group>";
		};
/* End PBXGroup section */

/* Begin PBXNativeTarget section */
		D3EB8CBB2A2DC1A0004F559C /* Pokedex-VIPER-UIKit */ = {
			isa = PBXNativeTarget;
			buildConfigurationList = D3EB8CE92A2DC1A1004F559C /* Build configuration list for PBXNativeTarget "Pokedex-VIPER-UIKit" */;
			buildPhases = (
				D3EB8CB82A2DC1A0004F559C /* Sources */,
				D3EB8CB92A2DC1A0004F559C /* Frameworks */,
				D3EB8CBA2A2DC1A0004F559C /* Resources */,
			);
			buildRules = (
			);
			dependencies = (
			);
			name = "Pokedex-VIPER-UIKit";
			productName = "Pokedex-VIPER-UIKit";
			productReference = D3EB8CBC2A2DC1A0004F559C /* Pokedex-VIPER-UIKit.app */;
			productType = "com.apple.product-type.application";
		};
		D3EB8CD42A2DC1A1004F559C /* Pokedex-VIPER-UIKitTests */ = {
			isa = PBXNativeTarget;
			buildConfigurationList = D3EB8CEC2A2DC1A1004F559C /* Build configuration list for PBXNativeTarget "Pokedex-VIPER-UIKitTests" */;
			buildPhases = (
				D3EB8CD12A2DC1A1004F559C /* Sources */,
				D3EB8CD22A2DC1A1004F559C /* Frameworks */,
				D3EB8CD32A2DC1A1004F559C /* Resources */,
			);
			buildRules = (
			);
			dependencies = (
				D3EB8CD72A2DC1A1004F559C /* PBXTargetDependency */,
			);
			name = "Pokedex-VIPER-UIKitTests";
			productName = "Pokedex-VIPER-UIKitTests";
			productReference = D3EB8CD52A2DC1A1004F559C /* Pokedex-VIPER-UIKitTests.xctest */;
			productType = "com.apple.product-type.bundle.unit-test";
		};
		D3EB8CDE2A2DC1A1004F559C /* Pokedex-VIPER-UIKitUITests */ = {
			isa = PBXNativeTarget;
			buildConfigurationList = D3EB8CEF2A2DC1A1004F559C /* Build configuration list for PBXNativeTarget "Pokedex-VIPER-UIKitUITests" */;
			buildPhases = (
				D3EB8CDB2A2DC1A1004F559C /* Sources */,
				D3EB8CDC2A2DC1A1004F559C /* Frameworks */,
				D3EB8CDD2A2DC1A1004F559C /* Resources */,
			);
			buildRules = (
			);
			dependencies = (
				D3EB8CE12A2DC1A1004F559C /* PBXTargetDependency */,
			);
			name = "Pokedex-VIPER-UIKitUITests";
			productName = "Pokedex-VIPER-UIKitUITests";
			productReference = D3EB8CDF2A2DC1A1004F559C /* Pokedex-VIPER-UIKitUITests.xctest */;
			productType = "com.apple.product-type.bundle.ui-testing";
		};
/* End PBXNativeTarget section */

/* Begin PBXProject section */
		D3EB8CB42A2DC1A0004F559C /* Project object */ = {
			isa = PBXProject;
			attributes = {
				BuildIndependentTargetsInParallel = 1;
				LastSwiftUpdateCheck = 1420;
				LastUpgradeCheck = 1420;
				TargetAttributes = {
					D3EB8CBB2A2DC1A0004F559C = {
						CreatedOnToolsVersion = 14.2;
					};
					D3EB8CD42A2DC1A1004F559C = {
						CreatedOnToolsVersion = 14.2;
						TestTargetID = D3EB8CBB2A2DC1A0004F559C;
					};
					D3EB8CDE2A2DC1A1004F559C = {
						CreatedOnToolsVersion = 14.2;
						TestTargetID = D3EB8CBB2A2DC1A0004F559C;
					};
				};
			};
			buildConfigurationList = D3EB8CB72A2DC1A0004F559C /* Build configuration list for PBXProject "Pokedex-VIPER-UIKit" */;
			compatibilityVersion = "Xcode 14.0";
			developmentRegion = en;
			hasScannedForEncodings = 0;
			knownRegions = (
				en,
				Base,
			);
			mainGroup = D3EB8CB32A2DC1A0004F559C;
			productRefGroup = D3EB8CBD2A2DC1A0004F559C /* Products */;
			projectDirPath = "";
			projectRoot = "";
			targets = (
				D3EB8CBB2A2DC1A0004F559C /* Pokedex-VIPER-UIKit */,
				D3EB8CD42A2DC1A1004F559C /* Pokedex-VIPER-UIKitTests */,
				D3EB8CDE2A2DC1A1004F559C /* Pokedex-VIPER-UIKitUITests */,
			);
		};
/* End PBXProject section */

/* Begin PBXResourcesBuildPhase section */
		D3EB8CBA2A2DC1A0004F559C /* Resources */ = {
			isa = PBXResourcesBuildPhase;
			buildActionMask = 2147483647;
			files = (
				D3EB8D3C2A2E5891004F559C /* LoginViewController.xib in Resources */,
				D3F664802A370EEB00178A85 /* DetailViewController.xib in Resources */,
				D3EB8D5A2A2FA4D6004F559C /* TableViewCell.xib in Resources */,
				D3EB8CCF2A2DC1A1004F559C /* LaunchScreen.storyboard in Resources */,
				D3EB8CCC2A2DC1A1004F559C /* Assets.xcassets in Resources */,
				D3EB8D492A2F9F20004F559C /* PokedexListViewController.xib in Resources */,
			);
			runOnlyForDeploymentPostprocessing = 0;
		};
		D3EB8CD32A2DC1A1004F559C /* Resources */ = {
			isa = PBXResourcesBuildPhase;
			buildActionMask = 2147483647;
			files = (
				D3EB8D3D2A2E5891004F559C /* LoginViewController.xib in Resources */,
				D3EB8D5B2A2FA4D6004F559C /* TableViewCell.xib in Resources */,
				D3EB8D4A2A2F9F20004F559C /* PokedexListViewController.xib in Resources */,
			);
			runOnlyForDeploymentPostprocessing = 0;
		};
		D3EB8CDD2A2DC1A1004F559C /* Resources */ = {
			isa = PBXResourcesBuildPhase;
			buildActionMask = 2147483647;
			files = (
				D3EB8D3E2A2E5891004F559C /* LoginViewController.xib in Resources */,
				D3EB8D5C2A2FA4D6004F559C /* TableViewCell.xib in Resources */,
				D3EB8D4B2A2F9F20004F559C /* PokedexListViewController.xib in Resources */,
			);
			runOnlyForDeploymentPostprocessing = 0;
		};
/* End PBXResourcesBuildPhase section */

/* Begin PBXSourcesBuildPhase section */
		D3EB8CB82A2DC1A0004F559C /* Sources */ = {
			isa = PBXSourcesBuildPhase;
			buildActionMask = 2147483647;
			files = (
				D3EB8D022A2DCA04004F559C /* Pokemon.swift in Sources */,
				D3EB8D662A2FAE4C004F559C /* InteractorPokedex.swift in Sources */,
				D3EB8D0B2A2E0FCD004F559C /* Pokemon+CoreData.swift in Sources */,
				D3F6648C2A37283200178A85 /* PresenterDetailPokemon.swift in Sources */,
				D3EB8D1C2A2E5281004F559C /* RouterLogin.swift in Sources */,
				D3EB8D5E2A2FAE2A004F559C /* RouterPokedex.swift in Sources */,
				D3EB8D392A2E5891004F559C /* LoginViewController.swift in Sources */,
				D3F6647F2A370EEB00178A85 /* DetailViewController.swift in Sources */,
				D3EB8CF42A2DC489004F559C /* URL.swift in Sources */,
				D3EB8D462A2F9F20004F559C /* PokedexListViewController.swift in Sources */,
				D3EB8D622A2FAE3F004F559C /* PresenterPokedex.swift in Sources */,
				D3F664892A37281600178A85 /* InteractorDetailPokemon.swift in Sources */,
				D3EB8D242A2E52A8004F559C /* InteractorLogin.swift in Sources */,
				D3EB8D202A2E5296004F559C /* PresenterLogin.swift in Sources */,
				D3EB8D132A2E47E5004F559C /* CoreDataUtils.swift in Sources */,
				D3F664862A3727EE00178A85 /* RouterDetailPokmon.swift in Sources */,
				D3EB8D072A2E0F01004F559C /* PokemonPK.xcdatamodeld in Sources */,
				D3EB8CCA2A2DC1A0004F559C /* Pokedex_VIPER_UIKit.xcdatamodeld in Sources */,
				D3EB8CC42A2DC1A0004F559C /* ViewController.swift in Sources */,
				D3EB8CF82A2DC953004F559C /* PokeAPI.swift in Sources */,
				D3EB8CC02A2DC1A0004F559C /* AppDelegate.swift in Sources */,
				D3EB8D572A2FA4D6004F559C /* TableViewCell.swift in Sources */,
				D3EB8D0F2A2E3922004F559C /* CoreDataManager.swift in Sources */,
				D3EB8CC22A2DC1A0004F559C /* SceneDelegate.swift in Sources */,
			);
			runOnlyForDeploymentPostprocessing = 0;
		};
		D3EB8CD12A2DC1A1004F559C /* Sources */ = {
			isa = PBXSourcesBuildPhase;
			buildActionMask = 2147483647;
			files = (
				D3EB8D212A2E5296004F559C /* PresenterLogin.swift in Sources */,
				D3EB8D472A2F9F20004F559C /* PokedexListViewController.swift in Sources */,
				D3EB8D0C2A2E0FCD004F559C /* Pokemon+CoreData.swift in Sources */,
				D3EB8D5F2A2FAE2A004F559C /* RouterPokedex.swift in Sources */,
				D3EB8D1D2A2E5281004F559C /* RouterLogin.swift in Sources */,
				D3EB8D632A2FAE3F004F559C /* PresenterPokedex.swift in Sources */,
				D3EB8D672A2FAE4C004F559C /* InteractorPokedex.swift in Sources */,
				D3EB8D082A2E0F01004F559C /* PokemonPK.xcdatamodeld in Sources */,
				D3EB8D142A2E47E5004F559C /* CoreDataUtils.swift in Sources */,
				D3EB8CDA2A2DC1A1004F559C /* Pokedex_VIPER_UIKitTests.swift in Sources */,
				D3EB8D252A2E52A8004F559C /* InteractorLogin.swift in Sources */,
				D3F664872A3727EE00178A85 /* RouterDetailPokmon.swift in Sources */,
				D3EB8D102A2E3922004F559C /* CoreDataManager.swift in Sources */,
				D3EB8D582A2FA4D6004F559C /* TableViewCell.swift in Sources */,
				D3EB8D3A2A2E5891004F559C /* LoginViewController.swift in Sources */,
				D3F6648D2A37283200178A85 /* PresenterDetailPokemon.swift in Sources */,
				D3EB8D032A2DCA04004F559C /* Pokemon.swift in Sources */,
				D3F6648A2A37281600178A85 /* InteractorDetailPokemon.swift in Sources */,
			);
			runOnlyForDeploymentPostprocessing = 0;
		};
		D3EB8CDB2A2DC1A1004F559C /* Sources */ = {
			isa = PBXSourcesBuildPhase;
			buildActionMask = 2147483647;
			files = (
				D3EB8D592A2FA4D6004F559C /* TableViewCell.swift in Sources */,
				D3EB8D112A2E3922004F559C /* CoreDataManager.swift in Sources */,
				D3EB8D152A2E47E5004F559C /* CoreDataUtils.swift in Sources */,
				D3EB8D222A2E5296004F559C /* PresenterLogin.swift in Sources */,
				D3EB8CE42A2DC1A1004F559C /* Pokedex_VIPER_UIKitUITests.swift in Sources */,
				D3EB8D602A2FAE2A004F559C /* RouterPokedex.swift in Sources */,
				D3EB8D642A2FAE3F004F559C /* PresenterPokedex.swift in Sources */,
				D3EB8CE62A2DC1A1004F559C /* Pokedex_VIPER_UIKitUITestsLaunchTests.swift in Sources */,
				D3EB8D482A2F9F20004F559C /* PokedexListViewController.swift in Sources */,
				D3EB8D092A2E0F01004F559C /* PokemonPK.xcdatamodeld in Sources */,
				D3EB8D262A2E52A8004F559C /* InteractorLogin.swift in Sources */,
				D3EB8D042A2DCA04004F559C /* Pokemon.swift in Sources */,
				D3EB8D1E2A2E5281004F559C /* RouterLogin.swift in Sources */,
				D3EB8D682A2FAE4C004F559C /* InteractorPokedex.swift in Sources */,
				D3EB8D0D2A2E0FCD004F559C /* Pokemon+CoreData.swift in Sources */,
				D3EB8D3B2A2E5891004F559C /* LoginViewController.swift in Sources */,
			);
			runOnlyForDeploymentPostprocessing = 0;
		};
/* End PBXSourcesBuildPhase section */

/* Begin PBXTargetDependency section */
		D3EB8CD72A2DC1A1004F559C /* PBXTargetDependency */ = {
			isa = PBXTargetDependency;
			target = D3EB8CBB2A2DC1A0004F559C /* Pokedex-VIPER-UIKit */;
			targetProxy = D3EB8CD62A2DC1A1004F559C /* PBXContainerItemProxy */;
		};
		D3EB8CE12A2DC1A1004F559C /* PBXTargetDependency */ = {
			isa = PBXTargetDependency;
			target = D3EB8CBB2A2DC1A0004F559C /* Pokedex-VIPER-UIKit */;
			targetProxy = D3EB8CE02A2DC1A1004F559C /* PBXContainerItemProxy */;
		};
/* End PBXTargetDependency section */

/* Begin PBXVariantGroup section */
		D3EB8CCD2A2DC1A1004F559C /* LaunchScreen.storyboard */ = {
			isa = PBXVariantGroup;
			children = (
				D3EB8CCE2A2DC1A1004F559C /* Base */,
			);
			name = LaunchScreen.storyboard;
			sourceTree = "<group>";
		};
/* End PBXVariantGroup section */

/* Begin XCBuildConfiguration section */
		D3EB8CE72A2DC1A1004F559C /* Debug */ = {
			isa = XCBuildConfiguration;
			buildSettings = {
				ALWAYS_SEARCH_USER_PATHS = NO;
				CLANG_ANALYZER_NONNULL = YES;
				CLANG_ANALYZER_NUMBER_OBJECT_CONVERSION = YES_AGGRESSIVE;
				CLANG_CXX_LANGUAGE_STANDARD = "gnu++20";
				CLANG_ENABLE_MODULES = YES;
				CLANG_ENABLE_OBJC_ARC = YES;
				CLANG_ENABLE_OBJC_WEAK = YES;
				CLANG_WARN_BLOCK_CAPTURE_AUTORELEASING = YES;
				CLANG_WARN_BOOL_CONVERSION = YES;
				CLANG_WARN_COMMA = YES;
				CLANG_WARN_CONSTANT_CONVERSION = YES;
				CLANG_WARN_DEPRECATED_OBJC_IMPLEMENTATIONS = YES;
				CLANG_WARN_DIRECT_OBJC_ISA_USAGE = YES_ERROR;
				CLANG_WARN_DOCUMENTATION_COMMENTS = YES;
				CLANG_WARN_EMPTY_BODY = YES;
				CLANG_WARN_ENUM_CONVERSION = YES;
				CLANG_WARN_INFINITE_RECURSION = YES;
				CLANG_WARN_INT_CONVERSION = YES;
				CLANG_WARN_NON_LITERAL_NULL_CONVERSION = YES;
				CLANG_WARN_OBJC_IMPLICIT_RETAIN_SELF = YES;
				CLANG_WARN_OBJC_LITERAL_CONVERSION = YES;
				CLANG_WARN_OBJC_ROOT_CLASS = YES_ERROR;
				CLANG_WARN_QUOTED_INCLUDE_IN_FRAMEWORK_HEADER = YES;
				CLANG_WARN_RANGE_LOOP_ANALYSIS = YES;
				CLANG_WARN_STRICT_PROTOTYPES = YES;
				CLANG_WARN_SUSPICIOUS_MOVE = YES;
				CLANG_WARN_UNGUARDED_AVAILABILITY = YES_AGGRESSIVE;
				CLANG_WARN_UNREACHABLE_CODE = YES;
				CLANG_WARN__DUPLICATE_METHOD_MATCH = YES;
				COPY_PHASE_STRIP = NO;
				DEBUG_INFORMATION_FORMAT = dwarf;
				ENABLE_STRICT_OBJC_MSGSEND = YES;
				ENABLE_TESTABILITY = YES;
				GCC_C_LANGUAGE_STANDARD = gnu11;
				GCC_DYNAMIC_NO_PIC = NO;
				GCC_NO_COMMON_BLOCKS = YES;
				GCC_OPTIMIZATION_LEVEL = 0;
				GCC_PREPROCESSOR_DEFINITIONS = (
					"DEBUG=1",
					"$(inherited)",
				);
				GCC_WARN_64_TO_32_BIT_CONVERSION = YES;
				GCC_WARN_ABOUT_RETURN_TYPE = YES_ERROR;
				GCC_WARN_UNDECLARED_SELECTOR = YES;
				GCC_WARN_UNINITIALIZED_AUTOS = YES_AGGRESSIVE;
				GCC_WARN_UNUSED_FUNCTION = YES;
				GCC_WARN_UNUSED_VARIABLE = YES;
				IPHONEOS_DEPLOYMENT_TARGET = 16.2;
				MTL_ENABLE_DEBUG_INFO = INCLUDE_SOURCE;
				MTL_FAST_MATH = YES;
				ONLY_ACTIVE_ARCH = YES;
				SDKROOT = iphoneos;
				SWIFT_ACTIVE_COMPILATION_CONDITIONS = DEBUG;
				SWIFT_OPTIMIZATION_LEVEL = "-Onone";
			};
			name = Debug;
		};
		D3EB8CE82A2DC1A1004F559C /* Release */ = {
			isa = XCBuildConfiguration;
			buildSettings = {
				ALWAYS_SEARCH_USER_PATHS = NO;
				CLANG_ANALYZER_NONNULL = YES;
				CLANG_ANALYZER_NUMBER_OBJECT_CONVERSION = YES_AGGRESSIVE;
				CLANG_CXX_LANGUAGE_STANDARD = "gnu++20";
				CLANG_ENABLE_MODULES = YES;
				CLANG_ENABLE_OBJC_ARC = YES;
				CLANG_ENABLE_OBJC_WEAK = YES;
				CLANG_WARN_BLOCK_CAPTURE_AUTORELEASING = YES;
				CLANG_WARN_BOOL_CONVERSION = YES;
				CLANG_WARN_COMMA = YES;
				CLANG_WARN_CONSTANT_CONVERSION = YES;
				CLANG_WARN_DEPRECATED_OBJC_IMPLEMENTATIONS = YES;
				CLANG_WARN_DIRECT_OBJC_ISA_USAGE = YES_ERROR;
				CLANG_WARN_DOCUMENTATION_COMMENTS = YES;
				CLANG_WARN_EMPTY_BODY = YES;
				CLANG_WARN_ENUM_CONVERSION = YES;
				CLANG_WARN_INFINITE_RECURSION = YES;
				CLANG_WARN_INT_CONVERSION = YES;
				CLANG_WARN_NON_LITERAL_NULL_CONVERSION = YES;
				CLANG_WARN_OBJC_IMPLICIT_RETAIN_SELF = YES;
				CLANG_WARN_OBJC_LITERAL_CONVERSION = YES;
				CLANG_WARN_OBJC_ROOT_CLASS = YES_ERROR;
				CLANG_WARN_QUOTED_INCLUDE_IN_FRAMEWORK_HEADER = YES;
				CLANG_WARN_RANGE_LOOP_ANALYSIS = YES;
				CLANG_WARN_STRICT_PROTOTYPES = YES;
				CLANG_WARN_SUSPICIOUS_MOVE = YES;
				CLANG_WARN_UNGUARDED_AVAILABILITY = YES_AGGRESSIVE;
				CLANG_WARN_UNREACHABLE_CODE = YES;
				CLANG_WARN__DUPLICATE_METHOD_MATCH = YES;
				COPY_PHASE_STRIP = NO;
				DEBUG_INFORMATION_FORMAT = "dwarf-with-dsym";
				ENABLE_NS_ASSERTIONS = NO;
				ENABLE_STRICT_OBJC_MSGSEND = YES;
				GCC_C_LANGUAGE_STANDARD = gnu11;
				GCC_NO_COMMON_BLOCKS = YES;
				GCC_WARN_64_TO_32_BIT_CONVERSION = YES;
				GCC_WARN_ABOUT_RETURN_TYPE = YES_ERROR;
				GCC_WARN_UNDECLARED_SELECTOR = YES;
				GCC_WARN_UNINITIALIZED_AUTOS = YES_AGGRESSIVE;
				GCC_WARN_UNUSED_FUNCTION = YES;
				GCC_WARN_UNUSED_VARIABLE = YES;
				IPHONEOS_DEPLOYMENT_TARGET = 16.2;
				MTL_ENABLE_DEBUG_INFO = NO;
				MTL_FAST_MATH = YES;
				SDKROOT = iphoneos;
				SWIFT_COMPILATION_MODE = wholemodule;
				SWIFT_OPTIMIZATION_LEVEL = "-O";
				VALIDATE_PRODUCT = YES;
			};
			name = Release;
		};
		D3EB8CEA2A2DC1A1004F559C /* Debug */ = {
			isa = XCBuildConfiguration;
			buildSettings = {
				ASSETCATALOG_COMPILER_APPICON_NAME = AppIcon;
				ASSETCATALOG_COMPILER_GLOBAL_ACCENT_COLOR_NAME = AccentColor;
				CODE_SIGN_STYLE = Automatic;
				CURRENT_PROJECT_VERSION = 1;
				GENERATE_INFOPLIST_FILE = YES;
				INFOPLIST_FILE = "Pokedex-VIPER-UIKit/Info.plist";
				INFOPLIST_KEY_UIApplicationSupportsIndirectInputEvents = YES;
				INFOPLIST_KEY_UILaunchStoryboardName = LaunchScreen;
				INFOPLIST_KEY_UISupportedInterfaceOrientations_iPad = "UIInterfaceOrientationPortrait UIInterfaceOrientationPortraitUpsideDown UIInterfaceOrientationLandscapeLeft UIInterfaceOrientationLandscapeRight";
				INFOPLIST_KEY_UISupportedInterfaceOrientations_iPhone = "UIInterfaceOrientationPortrait UIInterfaceOrientationLandscapeLeft UIInterfaceOrientationLandscapeRight";
				LD_RUNPATH_SEARCH_PATHS = (
					"$(inherited)",
					"@executable_path/Frameworks",
				);
				MARKETING_VERSION = 1.0;
				PRODUCT_BUNDLE_IDENTIFIER = "MarkelJM.Pokedex-VIPER-UIKit";
				PRODUCT_NAME = "$(TARGET_NAME)";
				SWIFT_EMIT_LOC_STRINGS = YES;
				SWIFT_VERSION = 5.0;
				TARGETED_DEVICE_FAMILY = "1,2";
			};
			name = Debug;
		};
		D3EB8CEB2A2DC1A1004F559C /* Release */ = {
			isa = XCBuildConfiguration;
			buildSettings = {
				ASSETCATALOG_COMPILER_APPICON_NAME = AppIcon;
				ASSETCATALOG_COMPILER_GLOBAL_ACCENT_COLOR_NAME = AccentColor;
				CODE_SIGN_STYLE = Automatic;
				CURRENT_PROJECT_VERSION = 1;
				GENERATE_INFOPLIST_FILE = YES;
				INFOPLIST_FILE = "Pokedex-VIPER-UIKit/Info.plist";
				INFOPLIST_KEY_UIApplicationSupportsIndirectInputEvents = YES;
				INFOPLIST_KEY_UILaunchStoryboardName = LaunchScreen;
				INFOPLIST_KEY_UISupportedInterfaceOrientations_iPad = "UIInterfaceOrientationPortrait UIInterfaceOrientationPortraitUpsideDown UIInterfaceOrientationLandscapeLeft UIInterfaceOrientationLandscapeRight";
				INFOPLIST_KEY_UISupportedInterfaceOrientations_iPhone = "UIInterfaceOrientationPortrait UIInterfaceOrientationLandscapeLeft UIInterfaceOrientationLandscapeRight";
				LD_RUNPATH_SEARCH_PATHS = (
					"$(inherited)",
					"@executable_path/Frameworks",
				);
				MARKETING_VERSION = 1.0;
				PRODUCT_BUNDLE_IDENTIFIER = "MarkelJM.Pokedex-VIPER-UIKit";
				PRODUCT_NAME = "$(TARGET_NAME)";
				SWIFT_EMIT_LOC_STRINGS = YES;
				SWIFT_VERSION = 5.0;
				TARGETED_DEVICE_FAMILY = "1,2";
			};
			name = Release;
		};
		D3EB8CED2A2DC1A1004F559C /* Debug */ = {
			isa = XCBuildConfiguration;
			buildSettings = {
				ALWAYS_EMBED_SWIFT_STANDARD_LIBRARIES = YES;
				BUNDLE_LOADER = "$(TEST_HOST)";
				CODE_SIGN_STYLE = Automatic;
				CURRENT_PROJECT_VERSION = 1;
				GENERATE_INFOPLIST_FILE = YES;
				IPHONEOS_DEPLOYMENT_TARGET = 16.2;
				MARKETING_VERSION = 1.0;
				PRODUCT_BUNDLE_IDENTIFIER = "MarkelJM.Pokedex-VIPER-UIKitTests";
				PRODUCT_NAME = "$(TARGET_NAME)";
				SWIFT_EMIT_LOC_STRINGS = NO;
				SWIFT_VERSION = 5.0;
				TARGETED_DEVICE_FAMILY = "1,2";
				TEST_HOST = "$(BUILT_PRODUCTS_DIR)/Pokedex-VIPER-UIKit.app/$(BUNDLE_EXECUTABLE_FOLDER_PATH)/Pokedex-VIPER-UIKit";
			};
			name = Debug;
		};
		D3EB8CEE2A2DC1A1004F559C /* Release */ = {
			isa = XCBuildConfiguration;
			buildSettings = {
				ALWAYS_EMBED_SWIFT_STANDARD_LIBRARIES = YES;
				BUNDLE_LOADER = "$(TEST_HOST)";
				CODE_SIGN_STYLE = Automatic;
				CURRENT_PROJECT_VERSION = 1;
				GENERATE_INFOPLIST_FILE = YES;
				IPHONEOS_DEPLOYMENT_TARGET = 16.2;
				MARKETING_VERSION = 1.0;
				PRODUCT_BUNDLE_IDENTIFIER = "MarkelJM.Pokedex-VIPER-UIKitTests";
				PRODUCT_NAME = "$(TARGET_NAME)";
				SWIFT_EMIT_LOC_STRINGS = NO;
				SWIFT_VERSION = 5.0;
				TARGETED_DEVICE_FAMILY = "1,2";
				TEST_HOST = "$(BUILT_PRODUCTS_DIR)/Pokedex-VIPER-UIKit.app/$(BUNDLE_EXECUTABLE_FOLDER_PATH)/Pokedex-VIPER-UIKit";
			};
			name = Release;
		};
		D3EB8CF02A2DC1A1004F559C /* Debug */ = {
			isa = XCBuildConfiguration;
			buildSettings = {
				ALWAYS_EMBED_SWIFT_STANDARD_LIBRARIES = YES;
				CODE_SIGN_STYLE = Automatic;
				CURRENT_PROJECT_VERSION = 1;
				GENERATE_INFOPLIST_FILE = YES;
				MARKETING_VERSION = 1.0;
				PRODUCT_BUNDLE_IDENTIFIER = "MarkelJM.Pokedex-VIPER-UIKitUITests";
				PRODUCT_NAME = "$(TARGET_NAME)";
				SWIFT_EMIT_LOC_STRINGS = NO;
				SWIFT_VERSION = 5.0;
				TARGETED_DEVICE_FAMILY = "1,2";
				TEST_TARGET_NAME = "Pokedex-VIPER-UIKit";
			};
			name = Debug;
		};
		D3EB8CF12A2DC1A1004F559C /* Release */ = {
			isa = XCBuildConfiguration;
			buildSettings = {
				ALWAYS_EMBED_SWIFT_STANDARD_LIBRARIES = YES;
				CODE_SIGN_STYLE = Automatic;
				CURRENT_PROJECT_VERSION = 1;
				GENERATE_INFOPLIST_FILE = YES;
				MARKETING_VERSION = 1.0;
				PRODUCT_BUNDLE_IDENTIFIER = "MarkelJM.Pokedex-VIPER-UIKitUITests";
				PRODUCT_NAME = "$(TARGET_NAME)";
				SWIFT_EMIT_LOC_STRINGS = NO;
				SWIFT_VERSION = 5.0;
				TARGETED_DEVICE_FAMILY = "1,2";
				TEST_TARGET_NAME = "Pokedex-VIPER-UIKit";
			};
			name = Release;
		};
/* End XCBuildConfiguration section */

/* Begin XCConfigurationList section */
		D3EB8CB72A2DC1A0004F559C /* Build configuration list for PBXProject "Pokedex-VIPER-UIKit" */ = {
			isa = XCConfigurationList;
			buildConfigurations = (
				D3EB8CE72A2DC1A1004F559C /* Debug */,
				D3EB8CE82A2DC1A1004F559C /* Release */,
			);
			defaultConfigurationIsVisible = 0;
			defaultConfigurationName = Release;
		};
		D3EB8CE92A2DC1A1004F559C /* Build configuration list for PBXNativeTarget "Pokedex-VIPER-UIKit" */ = {
			isa = XCConfigurationList;
			buildConfigurations = (
				D3EB8CEA2A2DC1A1004F559C /* Debug */,
				D3EB8CEB2A2DC1A1004F559C /* Release */,
			);
			defaultConfigurationIsVisible = 0;
			defaultConfigurationName = Release;
		};
		D3EB8CEC2A2DC1A1004F559C /* Build configuration list for PBXNativeTarget "Pokedex-VIPER-UIKitTests" */ = {
			isa = XCConfigurationList;
			buildConfigurations = (
				D3EB8CED2A2DC1A1004F559C /* Debug */,
				D3EB8CEE2A2DC1A1004F559C /* Release */,
			);
			defaultConfigurationIsVisible = 0;
			defaultConfigurationName = Release;
		};
		D3EB8CEF2A2DC1A1004F559C /* Build configuration list for PBXNativeTarget "Pokedex-VIPER-UIKitUITests" */ = {
			isa = XCConfigurationList;
			buildConfigurations = (
				D3EB8CF02A2DC1A1004F559C /* Debug */,
				D3EB8CF12A2DC1A1004F559C /* Release */,
			);
			defaultConfigurationIsVisible = 0;
			defaultConfigurationName = Release;
		};
/* End XCConfigurationList section */

/* Begin XCVersionGroup section */
		D3EB8CC82A2DC1A0004F559C /* Pokedex_VIPER_UIKit.xcdatamodeld */ = {
			isa = XCVersionGroup;
			children = (
				D3EB8CC92A2DC1A0004F559C /* Pokedex_VIPER_UIKit.xcdatamodel */,
			);
			currentVersion = D3EB8CC92A2DC1A0004F559C /* Pokedex_VIPER_UIKit.xcdatamodel */;
			path = Pokedex_VIPER_UIKit.xcdatamodeld;
			sourceTree = "<group>";
			versionGroupType = wrapper.xcdatamodel;
		};
		D3EB8D052A2E0F01004F559C /* PokemonPK.xcdatamodeld */ = {
			isa = XCVersionGroup;
			children = (
				D3EB8D062A2E0F01004F559C /* PokemonPK.xcdatamodel */,
			);
			currentVersion = D3EB8D062A2E0F01004F559C /* PokemonPK.xcdatamodel */;
			path = PokemonPK.xcdatamodeld;
			sourceTree = "<group>";
			versionGroupType = wrapper.xcdatamodel;
		};
/* End XCVersionGroup section */
	};
	rootObject = D3EB8CB42A2DC1A0004F559C /* Project object */;
}
